
Microsoft Visual Studio Solution File, Format Version 12.00
# Visual Studio Version 17
VisualStudioVersion = 17.8.34525.116
MinimumVisualStudioVersion = 10.0.40219.1
Project("{FAE04EC0-301F-11D3-BF4B-00C04F79EFBC}") = "2Y2S_Integ1A_WPFDemo", "2Y2S_Integ1A_WPFDemo\2Y2S_Integ1A_WPFDemo.csproj", "{035990CA-0B6B-4894-B243-CAB12B8C358D}"
EndProject
Global
	GlobalSection(SolutionConfigurationPlatforms) = preSolution
		Debug|Any CPU = Debug|Any CPU
		Release|Any CPU = Release|Any CPU
	EndGlobalSection
	GlobalSection(ProjectConfigurationPlatforms) = postSolution
		{035990CA-0B6B-4894-B243-CAB12B8C358D}.Debug|Any CPU.ActiveCfg = Debug|Any CPU
		{035990CA-0B6B-4894-B243-CAB12B8C358D}.Debug|Any CPU.Build.0 = Debug|Any CPU
		{035990CA-0B6B-4894-B243-CAB12B8C358D}.Release|Any CPU.ActiveCfg = Release|Any CPU
		{035990CA-0B6B-4894-B243-CAB12B8C358D}.Release|Any CPU.Build.0 = Release|Any CPU
	EndGlobalSection
	GlobalSection(SolutionProperties) = preSolution
		HideSolutionNode = FALSE
	EndGlobalSection
	GlobalSection(ExtensibilityGlobals) = postSolution
		SolutionGuid = {89479FDF-40D3-43DE-BF6C-40F10DF7EF85}
	EndGlobalSection
EndGlobal
